
Microsoft Visual Studio Solution File, Format Version 12.00
# Visual Studio Version 17
VisualStudioVersion = 17.7.34003.232
MinimumVisualStudioVersion = 10.0.40219.1
Project("{9A19103F-16F7-4668-BE54-9A1E7A4F7556}") = "AI_Projects", "AI_Projects\AI_Projects.csproj", "{D467991B-39E1-4C72-84B6-3CE05AC6F8CD}"
EndProject
Project("{9A19103F-16F7-4668-BE54-9A1E7A4F7556}") = "AStar", "AStar\AStar.csproj", "{9548797B-C8BC-43E9-9355-72487F51BD76}"
EndProject
Project("{9A19103F-16F7-4668-BE54-9A1E7A4F7556}") = "8Puzzle", "IDDFS\8Puzzle.csproj", "{C347E369-03FE-47E4-B868-4D796A11E36A}"
EndProject
Global
	GlobalSection(SolutionConfigurationPlatforms) = preSolution
		Debug|Any CPU = Debug|Any CPU
		Release|Any CPU = Release|Any CPU
	EndGlobalSection
	GlobalSection(ProjectConfigurationPlatforms) = postSolution
		{D467991B-39E1-4C72-84B6-3CE05AC6F8CD}.Debug|Any CPU.ActiveCfg = Debug|Any CPU
		{D467991B-39E1-4C72-84B6-3CE05AC6F8CD}.Debug|Any CPU.Build.0 = Debug|Any CPU
		{D467991B-39E1-4C72-84B6-3CE05AC6F8CD}.Release|Any CPU.ActiveCfg = Release|Any CPU
		{D467991B-39E1-4C72-84B6-3CE05AC6F8CD}.Release|Any CPU.Build.0 = Release|Any CPU
		{9548797B-C8BC-43E9-9355-72487F51BD76}.Debug|Any CPU.ActiveCfg = Debug|Any CPU
		{9548797B-C8BC-43E9-9355-72487F51BD76}.Debug|Any CPU.Build.0 = Debug|Any CPU
		{9548797B-C8BC-43E9-9355-72487F51BD76}.Release|Any CPU.ActiveCfg = Release|Any CPU
		{9548797B-C8BC-43E9-9355-72487F51BD76}.Release|Any CPU.Build.0 = Release|Any CPU
		{C347E369-03FE-47E4-B868-4D796A11E36A}.Debug|Any CPU.ActiveCfg = Debug|Any CPU
		{C347E369-03FE-47E4-B868-4D796A11E36A}.Debug|Any CPU.Build.0 = Debug|Any CPU
		{C347E369-03FE-47E4-B868-4D796A11E36A}.Release|Any CPU.ActiveCfg = Release|Any CPU
		{C347E369-03FE-47E4-B868-4D796A11E36A}.Release|Any CPU.Build.0 = Release|Any CPU
	EndGlobalSection
	GlobalSection(SolutionProperties) = preSolution
		HideSolutionNode = FALSE
	EndGlobalSection
	GlobalSection(ExtensibilityGlobals) = postSolution
		SolutionGuid = {CF441983-3FCB-4AE2-A866-1BDDD71795C8}
	EndGlobalSection
EndGlobal
